github.com/davecgh/go-spew v1.1.1 h1:vj9j/u1bqnvCEfJOwUhtlOARqs3+rkHYY13jYWTU97c=
github.com/davecgh/go-spew v1.1.1/go.mod h1:J7Y8YcW2NihsgmVo/mv3lAwl/skON4iLHjSsI+c5H38=
github.com/jwells131313/goethe v1.1.0 h1:aBvQTNWUBjDzgjfAz1A6XcdriENZ8fyOJWrA12Se+D0=
github.com/jwells131313/goethe v1.1.0/go.mod h1:MBhZf/Es2IdWiZRpt5yxdLKxJM20I7TQqrIYvEApng8=
github.com/jwells131313/goethe v1.2.0 h1:iKF0A5G2qMNmgYPUSbd+bZ4ipNUak85y3QihKpQGSNg=
github.com/jwells131313/goethe v1.2.0/go.mod h1:MBhZf/Es2IdWiZRpt5yxdLKxJM20I7TQqrIYvEApng8=
github.com/jwells131313/goethe v1.3.0 h1:JYUrgcJf3nikFk9aYkF+mDjwtYNIjxoOJ34rl7N6GcQ=
github.com/jwells131313/goethe v1.3.0/go.mod h1:MBhZf/Es2IdWiZRpt5yxdLKxJM20I7TQqrIYvEApng8=
github.com/jwells131313/goethe v1.4.0 h1:8f4f2VAE11gPhNWOWNQo+I8jLhOfwuHwkp65sn2xWyA=
github.com/jwells131313/goethe v1.4.0/go.mod h1:MBhZf/Es2IdWiZRpt5yxdLKxJM20I7TQqrIYvEApng8=
github.com/pkg/errors v0.8.0 h1:WdK/asTD0HN+q6hsWO3/vpuAkAr+tw6aNJNDFFf0+qw=
github.com/pkg/errors v0.8.0/go.mod h1:bwawxfHBFNV+L2hUp1rHADufV3IMtnDRdf1r5NINEl0=
github.com/pmezard/go-difflib v1.0.0 h1:4DBwDE0NGyQoBHbLQYPwSUPoCMWR5BEzIk/f1lZbAQM=
github.com/pmezard/go-difflib v1.0.0/go.mod h1:iKH77koFhYxTK1pcRnkKkqfTogsbg7gZNVY4sRDYZ/4=
github.com/sirupsen/logrus v1.0.6 h1:hcP1GmhGigz/O7h1WVUM5KklBp1JoNS9FggWKdj/j3s=
github.com/sirupsen/logrus v1.0.6/go.mod h1:pMByvHTf9Beacp5x1UXfOR9xyW/9antXMhjMPG0dEzc=
github.com/stretchr/testify v1.2.2 h1:bSDNvY7ZPG5RlJ8otE/7V6gMiyenm9RtJ7IUVIAoJ1w=
github.com/stretchr/testify v1.2.2/go.mod h1:a8OnRcib4nhh0OaRAV+Yts87kKdq0PP7pXfy6kDkUVs=
golang.org/x/crypto v0.0.0-20180910181607-0e37d006457b h1:2b9XGzhjiYsYPnKXoEfL7klWZQIt8IfyRCz62gCqqlQ=
golang.org/x/crypto v0.0.0-20180910181607-0e37d006457b/go.mod h1:6SG95UA2DQfeDnfUPMdvaQW0Q7yPrPDi9nlGo2tz2b4=
golang.org/x/sys v0.0.0-20180909124046-d0be0721c37e h1:o3PsSEY8E4eXWkXrIP9YJALUkVZqzHJT5DOasTyn8Vs=
golang.org/x/sys v0.0.0-20180909124046-d0be0721c37e/go.mod h1:STP8DvDyc/dI5b8T5hshtkjS+E42TnysNCUPdjciGhY=
